
Microsoft Visual Studio Solution File, Format Version 12.00
# Visual Studio Version 17
VisualStudioVersion = 17.4.33103.184
MinimumVisualStudioVersion = 10.0.40219.1
Project("{FAE04EC0-301F-11D3-BF4B-00C04F79EFBC}") = "Antivirus", "Antivirus\Antivirus.csproj", "{198EBD70-FFC2-4790-8A6F-30449BF886FB}"
EndProject
Global
	GlobalSection(SolutionConfigurationPlatforms) = preSolution
		Debug|Any CPU = Debug|Any CPU
		Release|Any CPU = Release|Any CPU
	EndGlobalSection
	GlobalSection(ProjectConfigurationPlatforms) = postSolution
		{198EBD70-FFC2-4790-8A6F-30449BF886FB}.Debug|Any CPU.ActiveCfg = Debug|Any CPU
		{198EBD70-FFC2-4790-8A6F-30449BF886FB}.Debug|Any CPU.Build.0 = Debug|Any CPU
		{198EBD70-FFC2-4790-8A6F-30449BF886FB}.Release|Any CPU.ActiveCfg = Release|Any CPU
		{198EBD70-FFC2-4790-8A6F-30449BF886FB}.Release|Any CPU.Build.0 = Release|Any CPU
	EndGlobalSection
	GlobalSection(SolutionProperties) = preSolution
		HideSolutionNode = FALSE
	EndGlobalSection
	GlobalSection(ExtensibilityGlobals) = postSolution
		SolutionGuid = {60F14F3B-D289-4E82-8DF1-A8A7E6774DCF}
	EndGlobalSection
EndGlobal
